// !$*UTF8*$!
{
	archiveVersion = 1;
	classes = {
	};
	objectVersion = 50;
	objects = {

/* Begin PBXBuildFile section */
		05BAFD3B226192A60097EA52 /* AppDelegate.swift in Sources */ = {isa = PBXBuildFile; fileRef = 05BAFD3A226192A60097EA52 /* AppDelegate.swift */; };
		05BAFD3D226192A60097EA52 /* ViewController.swift in Sources */ = {isa = PBXBuildFile; fileRef = 05BAFD3C226192A60097EA52 /* ViewController.swift */; };
		05BAFD40226192A60097EA52 /* Main.storyboard in Resources */ = {isa = PBXBuildFile; fileRef = 05BAFD3E226192A60097EA52 /* Main.storyboard */; };
		05BAFD43226192A60097EA52 /* ios_animation.xcdatamodeld in Sources */ = {isa = PBXBuildFile; fileRef = 05BAFD41226192A60097EA52 /* ios_animation.xcdatamodeld */; };
		05BAFD45226192A70097EA52 /* Assets.xcassets in Resources */ = {isa = PBXBuildFile; fileRef = 05BAFD44226192A70097EA52 /* Assets.xcassets */; };
		05BAFD48226192A70097EA52 /* LaunchScreen.storyboard in Resources */ = {isa = PBXBuildFile; fileRef = 05BAFD46226192A70097EA52 /* LaunchScreen.storyboard */; };
/* End PBXBuildFile section */

/* Begin PBXFileReference section */
		05BAFD37226192A60097EA52 /* ios-animation.app */ = {isa = PBXFileReference; explicitFileType = wrapper.application; includeInIndex = 0; path = "ios-animation.app"; sourceTree = BUILT_PRODUCTS_DIR; };
		05BAFD3A226192A60097EA52 /* AppDelegate.swift */ = {isa = PBXFileReference; lastKnownFileType = sourcecode.swift; path = AppDelegate.swift; sourceTree = "<group>"; };
		05BAFD3C226192A60097EA52 /* ViewController.swift */ = {isa = PBXFileReference; lastKnownFileType = sourcecode.swift; path = ViewController.swift; sourceTree = "<group>"; };
		05BAFD3F226192A60097EA52 /* Base */ = {isa = PBXFileReference; lastKnownFileType = file.storyboard; name = Base; path = Base.lproj/Main.storyboard; sourceTree = "<group>"; };
		05BAFD42226192A60097EA52 /* ios_animation.xcdatamodel */ = {isa = PBXFileReference; lastKnownFileType = wrapper.xcdatamodel; path = ios_animation.xcdatamodel; sourceTree = "<group>"; };
		05BAFD44226192A70097EA52 /* Assets.xcassets */ = {isa = PBXFileReference; lastKnownFileType = folder.assetcatalog; path = Assets.xcassets; sourceTree = "<group>"; };
		05BAFD47226192A70097EA52 /* Base */ = {isa = PBXFileReference; lastKnownFileType = file.storyboard; name = Base; path = Base.lproj/LaunchScreen.storyboard; sourceTree = "<group>"; };
		05BAFD49226192A70097EA52 /* Info.plist */ = {isa = PBXFileReference; lastKnownFileType = text.plist.xml; path = Info.plist; sourceTree = "<group>"; };
/* End PBXFileReference section */

/* Begin PBXFrameworksBuildPhase section */
		05BAFD34226192A60097EA52 /* Frameworks */ = {
			isa = PBXFrameworksBuildPhase;
			buildActionMask = 2147483647;
			files = (
			);
			runOnlyForDeploymentPostprocessing = 0;
		};
/* End PBXFrameworksBuildPhase section */

/* Begin PBXGroup section */
		05BAFD2E226192A60097EA52 = {
			isa = PBXGroup;
			children = (
				05BAFD39226192A60097EA52 /* ios-animation */,
				05BAFD38226192A60097EA52 /* Products */,
			);
			sourceTree = "<group>";
		};
		05BAFD38226192A60097EA52 /* Products */ = {
			isa = PBXGroup;
			children = (
				05BAFD37226192A60097EA52 /* ios-animation.app */,
			);
			name = Products;
			sourceTree = "<group>";
		};
		05BAFD39226192A60097EA52 /* ios-animation */ = {
			isa = PBXGroup;
			children = (
				05BAFD3A226192A60097EA52 /* AppDelegate.swift */,
				05BAFD3C226192A60097EA52 /* ViewController.swift */,
				05BAFD3E226192A60097EA52 /* Main.storyboard */,
				05BAFD44226192A70097EA52 /* Assets.xcassets */,
				05BAFD46226192A70097EA52 /* LaunchScreen.storyboard */,
				05BAFD49226192A70097EA52 /* Info.plist */,
				05BAFD41226192A60097EA52 /* ios_animation.xcdatamodeld */,
			);
			path = "ios-animation";
			sourceTree = "<group>";
		};
/* End PBXGroup section */

/* Begin PBXNativeTarget section */
		05BAFD36226192A60097EA52 /* ios-animation */ = {
			isa = PBXNativeTarget;
			buildConfigurationList = 05BAFD4C226192A70097EA52 /* Build configuration list for PBXNativeTarget "ios-animation" */;
			buildPhases = (
				05BAFD33226192A60097EA52 /* Sources */,
				05BAFD34226192A60097EA52 /* Frameworks */,
				05BAFD35226192A60097EA52 /* Resources */,
			);
			buildRules = (
			);
			dependencies = (
			);
			name = "ios-animation";
			productName = "ios-animation";
			productReference = 05BAFD37226192A60097EA52 /* ios-animation.app */;
			productType = "com.apple.product-type.application";
		};
/* End PBXNativeTarget section */

/* Begin PBXProject section */
		05BAFD2F226192A60097EA52 /* Project object */ = {
			isa = PBXProject;
			attributes = {
				LastSwiftUpdateCheck = 1020;
				LastUpgradeCheck = 1020;
				ORGANIZATIONNAME = "jiyou xu";
				TargetAttributes = {
					05BAFD36226192A60097EA52 = {
						CreatedOnToolsVersion = 10.2;
					};
				};
			};
			buildConfigurationList = 05BAFD32226192A60097EA52 /* Build configuration list for PBXProject "ios-animation" */;
			compatibilityVersion = "Xcode 9.3";
			developmentRegion = en;
			hasScannedForEncodings = 0;
			knownRegions = (
				en,
				Base,
			);
			mainGroup = 05BAFD2E226192A60097EA52;
			productRefGroup = 05BAFD38226192A60097EA52 /* Products */;
			projectDirPath = "";
			projectRoot = "";
			targets = (
				05BAFD36226192A60097EA52 /* ios-animation */,
			);
		};
/* End PBXProject section */

/* Begin PBXResourcesBuildPhase section */
		05BAFD35226192A60097EA52 /* Resources */ = {
			isa = PBXResourcesBuildPhase;
			buildActionMask = 2147483647;
			files = (
				05BAFD48226192A70097EA52 /* LaunchScreen.storyboard in Resources */,
				05BAFD45226192A70097EA52 /* Assets.xcassets in Resources */,
				05BAFD40226192A60097EA52 /* Main.storyboard in Resources */,
			);
			runOnlyForDeploymentPostprocessing = 0;
		};
/* End PBXResourcesBuildPhase section */

/* Begin PBXSourcesBuildPhase section */
		05BAFD33226192A60097EA52 /* Sources */ = {
			isa = PBXSourcesBuildPhase;
			buildActionMask = 2147483647;
			files = (
				05BAFD3D226192A60097EA52 /* ViewController.swift in Sources */,
				05BAFD3B226192A60097EA52 /* AppDelegate.swift in Sources */,
				05BAFD43226192A60097EA52 /* ios_animation.xcdatamodeld in Sources */,
			);
			runOnlyForDeploymentPostprocessing = 0;
		};
/* End PBXSourcesBuildPhase section */

/* Begin PBXVariantGroup section */
		05BAFD3E226192A60097EA52 /* Main.storyboard */ = {
			isa = PBXVariantGroup;
			children = (
				05BAFD3F226192A60097EA52 /* Base */,
			);
			name = Main.storyboard;
			sourceTree = "<group>";
		};
		05BAFD46226192A70097EA52 /* LaunchScreen.storyboard */ = {
			isa = PBXVariantGroup;
			children = (
				05BAFD47226192A70097EA52 /* Base */,
			);
			name = LaunchScreen.storyboard;
			sourceTree = "<group>";
		};
/* End PBXVariantGroup section */

/* Begin XCBuildConfiguration section */
		05BAFD4A226192A70097EA52 /* Debug */ = {
			isa = XCBuildConfiguration;
			buildSettings = {
				ALWAYS_SEARCH_USER_PATHS = NO;
				CLANG_ANALYZER_NONNULL = YES;
				CLANG_ANALYZER_NUMBER_OBJECT_CONVERSION = YES_AGGRESSIVE;
				CLANG_CXX_LANGUAGE_STANDARD = "gnu++14";
				CLANG_CXX_LIBRARY = "libc++";
				CLANG_ENABLE_MODULES = YES;
				CLANG_ENABLE_OBJC_ARC = YES;
				CLANG_ENABLE_OBJC_WEAK = YES;
				CLANG_WARN_BLOCK_CAPTURE_AUTORELEASING = YES;
				CLANG_WARN_BOOL_CONVERSION = YES;
				CLANG_WARN_COMMA = YES;
				CLANG_WARN_CONSTANT_CONVERSION = YES;
				CLANG_WARN_DEPRECATED_OBJC_IMPLEMENTATIONS = YES;
				CLANG_WARN_DIRECT_OBJC_ISA_USAGE = YES_ERROR;
				CLANG_WARN_DOCUMENTATION_COMMENTS = YES;
				CLANG_WARN_EMPTY_BODY = YES;
				CLANG_WARN_ENUM_CONVERSION = YES;
				CLANG_WARN_INFINITE_RECURSION = YES;
				CLANG_WARN_INT_CONVERSION = YES;
				CLANG_WARN_NON_LITERAL_NULL_CONVERSION = YES;
				CLANG_WARN_OBJC_IMPLICIT_RETAIN_SELF = YES;
				CLANG_WARN_OBJC_LITERAL_CONVERSION = YES;
				CLANG_WARN_OBJC_ROOT_CLASS = YES_ERROR;
				CLANG_WARN_RANGE_LOOP_ANALYSIS = YES;
				CLANG_WARN_STRICT_PROTOTYPES = YES;
				CLANG_WARN_SUSPICIOUS_MOVE = YES;
				CLANG_WARN_UNGUARDED_AVAILABILITY = YES_AGGRESSIVE;
				CLANG_WARN_UNREACHABLE_CODE = YES;
				CLANG_WARN__DUPLICATE_METHOD_MATCH = YES;
				CODE_SIGN_IDENTITY = "iPhone Developer";
				COPY_PHASE_STRIP = NO;
				DEBUG_INFORMATION_FORMAT = dwarf;
				ENABLE_STRICT_OBJC_MSGSEND = YES;
				ENABLE_TESTABILITY = YES;
				GCC_C_LANGUAGE_STANDARD = gnu11;
				GCC_DYNAMIC_NO_PIC = NO;
				GCC_NO_COMMON_BLOCKS = YES;
				GCC_OPTIMIZATION_LEVEL = 0;
				GCC_PREPROCESSOR_DEFINITIONS = (
					"DEBUG=1",
					"$(inherited)",
				);
				GCC_WARN_64_TO_32_BIT_CONVERSION = YES;
				GCC_WARN_ABOUT_RETURN_TYPE = YES_ERROR;
				GCC_WARN_UNDECLARED_SELECTOR = YES;
				GCC_WARN_UNINITIALIZED_AUTOS = YES_AGGRESSIVE;
				GCC_WARN_UNUSED_FUNCTION = YES;
				GCC_WARN_UNUSED_VARIABLE = YES;
				IPHONEOS_DEPLOYMENT_TARGET = 12.2;
				MTL_ENABLE_DEBUG_INFO = INCLUDE_SOURCE;
				MTL_FAST_MATH = YES;
				ONLY_ACTIVE_ARCH = YES;
				SDKROOT = iphoneos;
				SWIFT_ACTIVE_COMPILATION_CONDITIONS = DEBUG;
				SWIFT_OPTIMIZATION_LEVEL = "-Onone";
			};
			name = Debug;
		};
		05BAFD4B226192A70097EA52 /* Release */ = {
			isa = XCBuildConfiguration;
			buildSettings = {
				ALWAYS_SEARCH_USER_PATHS = NO;
				CLANG_ANALYZER_NONNULL = YES;
				CLANG_ANALYZER_NUMBER_OBJECT_CONVERSION = YES_AGGRESSIVE;
				CLANG_CXX_LANGUAGE_STANDARD = "gnu++14";
				CLANG_CXX_LIBRARY = "libc++";
				CLANG_ENABLE_MODULES = YES;
				CLANG_ENABLE_OBJC_ARC = YES;
				CLANG_ENABLE_OBJC_WEAK = YES;
				CLANG_WARN_BLOCK_CAPTURE_AUTORELEASING = YES;
				CLANG_WARN_BOOL_CONVERSION = YES;
				CLANG_WARN_COMMA = YES;
				CLANG_WARN_CONSTANT_CONVERSION = YES;
				CLANG_WARN_DEPRECATED_OBJC_IMPLEMENTATIONS = YES;
				CLANG_WARN_DIRECT_OBJC_ISA_USAGE = YES_ERROR;
				CLANG_WARN_DOCUMENTATION_COMMENTS = YES;
				CLANG_WARN_EMPTY_BODY = YES;
				CLANG_WARN_ENUM_CONVERSION = YES;
				CLANG_WARN_INFINITE_RECURSION = YES;
				CLANG_WARN_INT_CONVERSION = YES;
				CLANG_WARN_NON_LITERAL_NULL_CONVERSION = YES;
				CLANG_WARN_OBJC_IMPLICIT_RETAIN_SELF = YES;
				CLANG_WARN_OBJC_LITERAL_CONVERSION = YES;
				CLANG_WARN_OBJC_ROOT_CLASS = YES_ERROR;
				CLANG_WARN_RANGE_LOOP_ANALYSIS = YES;
				CLANG_WARN_STRICT_PROTOTYPES = YES;
				CLANG_WARN_SUSPICIOUS_MOVE = YES;
				CLANG_WARN_UNGUARDED_AVAILABILITY = YES_AGGRESSIVE;
				CLANG_WARN_UNREACHABLE_CODE = YES;
				CLANG_WARN__DUPLICATE_METHOD_MATCH = YES;
				CODE_SIGN_IDENTITY = "iPhone Developer";
				COPY_PHASE_STRIP = NO;
				DEBUG_INFORMATION_FORMAT = "dwarf-with-dsym";
				ENABLE_NS_ASSERTIONS = NO;
				ENABLE_STRICT_OBJC_MSGSEND = YES;
				GCC_C_LANGUAGE_STANDARD = gnu11;
				GCC_NO_COMMON_BLOCKS = YES;
				GCC_WARN_64_TO_32_BIT_CONVERSION = YES;
				GCC_WARN_ABOUT_RETURN_TYPE = YES_ERROR;
				GCC_WARN_UNDECLARED_SELECTOR = YES;
				GCC_WARN_UNINITIALIZED_AUTOS = YES_AGGRESSIVE;
				GCC_WARN_UNUSED_FUNCTION = YES;
				GCC_WARN_UNUSED_VARIABLE = YES;
				IPHONEOS_DEPLOYMENT_TARGET = 12.2;
				MTL_ENABLE_DEBUG_INFO = NO;
				MTL_FAST_MATH = YES;
				SDKROOT = iphoneos;
				SWIFT_COMPILATION_MODE = wholemodule;
				SWIFT_OPTIMIZATION_LEVEL = "-O";
				VALIDATE_PRODUCT = YES;
			};
			name = Release;
		};
		05BAFD4D226192A70097EA52 /* Debug */ = {
			isa = XCBuildConfiguration;
			buildSettings = {
				ASSETCATALOG_COMPILER_APPICON_NAME = AppIcon;
				CODE_SIGN_STYLE = Automatic;
				DEVELOPMENT_TEAM = 9YF7BBMF5D;
				INFOPLIST_FILE = "ios-animation/Info.plist";
				LD_RUNPATH_SEARCH_PATHS = (
					"$(inherited)",
					"@executable_path/Frameworks",
				);
				PRODUCT_BUNDLE_IDENTIFIER = "weidu.ios-animation";
				PRODUCT_NAME = "$(TARGET_NAME)";
				SWIFT_VERSION = 5.0;
				TARGETED_DEVICE_FAMILY = "1,2";
			};
			name = Debug;
		};
		05BAFD4E226192A70097EA52 /* Release */ = {
			isa = XCBuildConfiguration;
			buildSettings = {
				ASSETCATALOG_COMPILER_APPICON_NAME = AppIcon;
				CODE_SIGN_STYLE = Automatic;
				DEVELOPMENT_TEAM = 9YF7BBMF5D;
				INFOPLIST_FILE = "ios-animation/Info.plist";
				LD_RUNPATH_SEARCH_PATHS = (
					"$(inherited)",
					"@executable_path/Frameworks",
				);
				PRODUCT_BUNDLE_IDENTIFIER = "weidu.ios-animation";
				PRODUCT_NAME = "$(TARGET_NAME)";
				SWIFT_VERSION = 5.0;
				TARGETED_DEVICE_FAMILY = "1,2";
			};
			name = Release;
		};
/* End XCBuildConfiguration section */

/* Begin XCConfigurationList section */
		05BAFD32226192A60097EA52 /* Build configuration list for PBXProject "ios-animation" */ = {
			isa = XCConfigurationList;
			buildConfigurations = (
				05BAFD4A226192A70097EA52 /* Debug */,
				05BAFD4B226192A70097EA52 /* Release */,
			);
			defaultConfigurationIsVisible = 0;
			defaultConfigurationName = Release;
		};
		05BAFD4C226192A70097EA52 /* Build configuration list for PBXNativeTarget "ios-animation" */ = {
			isa = XCConfigurationList;
			buildConfigurations = (
				05BAFD4D226192A70097EA52 /* Debug */,
				05BAFD4E226192A70097EA52 /* Release */,
			);
			defaultConfigurationIsVisible = 0;
			defaultConfigurationName = Release;
		};
/* End XCConfigurationList section */

/* Begin XCVersionGroup section */
		05BAFD41226192A60097EA52 /* ios_animation.xcdatamodeld */ = {
			isa = XCVersionGroup;
			children = (
				05BAFD42226192A60097EA52 /* ios_animation.xcdatamodel */,
			);
			currentVersion = 05BAFD42226192A60097EA52 /* ios_animation.xcdatamodel */;
			path = ios_animation.xcdatamodeld;
			sourceTree = "<group>";
			versionGroupType = wrapper.xcdatamodel;
		};
/* End XCVersionGroup section */
	};
	rootObject = 05BAFD2F226192A60097EA52 /* Project object */;
}
